
Microsoft Visual Studio Solution File, Format Version 12.00
# Visual Studio Version 17
VisualStudioVersion = 17.6.33801.468
MinimumVisualStudioVersion = 10.0.40219.1
Project("{FAE04EC0-301F-11D3-BF4B-00C04F79EFBC}") = "Control&Vista", "Control&Vista\Control&Vista.csproj", "{2E422227-C029-4EB2-80B2-C3F01E8207F9}"
EndProject
Global
	GlobalSection(SolutionConfigurationPlatforms) = preSolution
		Debug|Any CPU = Debug|Any CPU
		Release|Any CPU = Release|Any CPU
	EndGlobalSection
	GlobalSection(ProjectConfigurationPlatforms) = postSolution
		{2E422227-C029-4EB2-80B2-C3F01E8207F9}.Debug|Any CPU.ActiveCfg = Debug|Any CPU
		{2E422227-C029-4EB2-80B2-C3F01E8207F9}.Debug|Any CPU.Build.0 = Debug|Any CPU
		{2E422227-C029-4EB2-80B2-C3F01E8207F9}.Release|Any CPU.ActiveCfg = Release|Any CPU
		{2E422227-C029-4EB2-80B2-C3F01E8207F9}.Release|Any CPU.Build.0 = Release|Any CPU
	EndGlobalSection
	GlobalSection(SolutionProperties) = preSolution
		HideSolutionNode = FALSE
	EndGlobalSection
	GlobalSection(ExtensibilityGlobals) = postSolution
		SolutionGuid = {1AFDED89-E4DD-4774-904F-557008C3D7A7}
	EndGlobalSection
EndGlobal
